
Microsoft Visual Studio Solution File, Format Version 12.00
Project("{2150E333-8FDC-42A3-9474-1A3956D46DE8}") = "src", "src", "{61B4B005-F462-427C-BB90-3FED06CCCC25}"
EndProject
Project("{2150E333-8FDC-42A3-9474-1A3956D46DE8}") = "test", "test", "{325893E7-84D1-4492-91BB-B1CC6F297315}"
EndProject
Project("{2150E333-8FDC-42A3-9474-1A3956D46DE8}") = "Data", "Data", "{6E0B147C-C271-47B5-B303-6FC45F4DA653}"
EndProject
Project("{2150E333-8FDC-42A3-9474-1A3956D46DE8}") = "Core", "Core", "{BF3FE394-E35F-4BD4-994B-84C9CA7D55C2}"
EndProject
Project("{2150E333-8FDC-42A3-9474-1A3956D46DE8}") = "Api", "Api", "{A9E1B936-1049-4475-A14A-01DC88A657C6}"
EndProject
Project("{FAE04EC0-301F-11D3-BF4B-00C04F79EFBC}") = "ECommerce.Entity", "src\ECommerce.Entity\ECommerce.Entity.csproj", "{24F5FE59-F361-4CF9-B777-4D2227CD533D}"
EndProject
Project("{FAE04EC0-301F-11D3-BF4B-00C04F79EFBC}") = "ECommerce.Data", "src\ECommerce.Data\ECommerce.Data.csproj", "{DF2B5DD5-54EA-4696-A6BC-7B528093F2CA}"
EndProject
Project("{FAE04EC0-301F-11D3-BF4B-00C04F79EFBC}") = "Ecommerce.Repository", "src\Ecommerce.Repository\Ecommerce.Repository.csproj", "{6A7E2508-188F-442E-9457-4A059BC28002}"
EndProject
Project("{FAE04EC0-301F-11D3-BF4B-00C04F79EFBC}") = "ECommerce.UnitOfWork", "src\ECommerce.UnitOfWork\ECommerce.UnitOfWork.csproj", "{C96341C9-877E-46CA-BB9C-9105B6003189}"
EndProject
Project("{FAE04EC0-301F-11D3-BF4B-00C04F79EFBC}") = "Ecommerce.Dto", "src\Ecommerce.Dto\Ecommerce.Dto.csproj", "{B602FB7C-7023-4284-BADC-CD73B1CD3F10}"
EndProject
Project("{FAE04EC0-301F-11D3-BF4B-00C04F79EFBC}") = "ECommerce.Service", "src\ECommerce.Service\ECommerce.Service.csproj", "{DB5D3914-B0EC-437C-9DA5-E9393FC61464}"
EndProject
Project("{FAE04EC0-301F-11D3-BF4B-00C04F79EFBC}") = "ECommerce.Api", "src\ECommerce.Api\ECommerce.Api.csproj", "{AC2C1EC3-1365-4EA1-9DC0-1E61A0E76A1A}"
EndProject
Project("{FAE04EC0-301F-11D3-BF4B-00C04F79EFBC}") = "ECommerce.Api.Tests", "test\ECommerce.Api.Tests\ECommerce.Api.Tests.csproj", "{80CCCBC5-ACA0-4611-8E8D-39EB79CFD9C7}"
EndProject
Project("{FAE04EC0-301F-11D3-BF4B-00C04F79EFBC}") = "ECommerce.Service.Tests", "test\ECommerce.Service.Tests\ECommerce.Service.Tests.csproj", "{D67744BE-A480-495F-985A-EAEED8235BA3}"
EndProject
Global
	GlobalSection(SolutionConfigurationPlatforms) = preSolution
		Debug|Any CPU = Debug|Any CPU
		Release|Any CPU = Release|Any CPU
	EndGlobalSection
	GlobalSection(NestedProjects) = preSolution
		{6E0B147C-C271-47B5-B303-6FC45F4DA653} = {61B4B005-F462-427C-BB90-3FED06CCCC25}
		{BF3FE394-E35F-4BD4-994B-84C9CA7D55C2} = {61B4B005-F462-427C-BB90-3FED06CCCC25}
		{A9E1B936-1049-4475-A14A-01DC88A657C6} = {61B4B005-F462-427C-BB90-3FED06CCCC25}
		{24F5FE59-F361-4CF9-B777-4D2227CD533D} = {6E0B147C-C271-47B5-B303-6FC45F4DA653}
		{DF2B5DD5-54EA-4696-A6BC-7B528093F2CA} = {6E0B147C-C271-47B5-B303-6FC45F4DA653}
		{6A7E2508-188F-442E-9457-4A059BC28002} = {BF3FE394-E35F-4BD4-994B-84C9CA7D55C2}
		{C96341C9-877E-46CA-BB9C-9105B6003189} = {BF3FE394-E35F-4BD4-994B-84C9CA7D55C2}
		{B602FB7C-7023-4284-BADC-CD73B1CD3F10} = {BF3FE394-E35F-4BD4-994B-84C9CA7D55C2}
		{DB5D3914-B0EC-437C-9DA5-E9393FC61464} = {BF3FE394-E35F-4BD4-994B-84C9CA7D55C2}
		{AC2C1EC3-1365-4EA1-9DC0-1E61A0E76A1A} = {A9E1B936-1049-4475-A14A-01DC88A657C6}
		{80CCCBC5-ACA0-4611-8E8D-39EB79CFD9C7} = {325893E7-84D1-4492-91BB-B1CC6F297315}
		{D67744BE-A480-495F-985A-EAEED8235BA3} = {325893E7-84D1-4492-91BB-B1CC6F297315}
	EndGlobalSection
	GlobalSection(ProjectConfigurationPlatforms) = postSolution
		{24F5FE59-F361-4CF9-B777-4D2227CD533D}.Debug|Any CPU.ActiveCfg = Debug|Any CPU
		{24F5FE59-F361-4CF9-B777-4D2227CD533D}.Debug|Any CPU.Build.0 = Debug|Any CPU
		{24F5FE59-F361-4CF9-B777-4D2227CD533D}.Release|Any CPU.ActiveCfg = Release|Any CPU
		{24F5FE59-F361-4CF9-B777-4D2227CD533D}.Release|Any CPU.Build.0 = Release|Any CPU
		{DF2B5DD5-54EA-4696-A6BC-7B528093F2CA}.Debug|Any CPU.ActiveCfg = Debug|Any CPU
		{DF2B5DD5-54EA-4696-A6BC-7B528093F2CA}.Debug|Any CPU.Build.0 = Debug|Any CPU
		{DF2B5DD5-54EA-4696-A6BC-7B528093F2CA}.Release|Any CPU.ActiveCfg = Release|Any CPU
		{DF2B5DD5-54EA-4696-A6BC-7B528093F2CA}.Release|Any CPU.Build.0 = Release|Any CPU
		{6A7E2508-188F-442E-9457-4A059BC28002}.Debug|Any CPU.ActiveCfg = Debug|Any CPU
		{6A7E2508-188F-442E-9457-4A059BC28002}.Debug|Any CPU.Build.0 = Debug|Any CPU
		{6A7E2508-188F-442E-9457-4A059BC28002}.Release|Any CPU.ActiveCfg = Release|Any CPU
		{6A7E2508-188F-442E-9457-4A059BC28002}.Release|Any CPU.Build.0 = Release|Any CPU
		{C96341C9-877E-46CA-BB9C-9105B6003189}.Debug|Any CPU.ActiveCfg = Debug|Any CPU
		{C96341C9-877E-46CA-BB9C-9105B6003189}.Debug|Any CPU.Build.0 = Debug|Any CPU
		{C96341C9-877E-46CA-BB9C-9105B6003189}.Release|Any CPU.ActiveCfg = Release|Any CPU
		{C96341C9-877E-46CA-BB9C-9105B6003189}.Release|Any CPU.Build.0 = Release|Any CPU
		{B602FB7C-7023-4284-BADC-CD73B1CD3F10}.Debug|Any CPU.ActiveCfg = Debug|Any CPU
		{B602FB7C-7023-4284-BADC-CD73B1CD3F10}.Debug|Any CPU.Build.0 = Debug|Any CPU
		{B602FB7C-7023-4284-BADC-CD73B1CD3F10}.Release|Any CPU.ActiveCfg = Release|Any CPU
		{B602FB7C-7023-4284-BADC-CD73B1CD3F10}.Release|Any CPU.Build.0 = Release|Any CPU
		{DB5D3914-B0EC-437C-9DA5-E9393FC61464}.Debug|Any CPU.ActiveCfg = Debug|Any CPU
		{DB5D3914-B0EC-437C-9DA5-E9393FC61464}.Debug|Any CPU.Build.0 = Debug|Any CPU
		{DB5D3914-B0EC-437C-9DA5-E9393FC61464}.Release|Any CPU.ActiveCfg = Release|Any CPU
		{DB5D3914-B0EC-437C-9DA5-E9393FC61464}.Release|Any CPU.Build.0 = Release|Any CPU
		{AC2C1EC3-1365-4EA1-9DC0-1E61A0E76A1A}.Debug|Any CPU.ActiveCfg = Debug|Any CPU
		{AC2C1EC3-1365-4EA1-9DC0-1E61A0E76A1A}.Debug|Any CPU.Build.0 = Debug|Any CPU
		{AC2C1EC3-1365-4EA1-9DC0-1E61A0E76A1A}.Release|Any CPU.ActiveCfg = Release|Any CPU
		{AC2C1EC3-1365-4EA1-9DC0-1E61A0E76A1A}.Release|Any CPU.Build.0 = Release|Any CPU
		{80CCCBC5-ACA0-4611-8E8D-39EB79CFD9C7}.Debug|Any CPU.ActiveCfg = Debug|Any CPU
		{80CCCBC5-ACA0-4611-8E8D-39EB79CFD9C7}.Debug|Any CPU.Build.0 = Debug|Any CPU
		{80CCCBC5-ACA0-4611-8E8D-39EB79CFD9C7}.Release|Any CPU.ActiveCfg = Release|Any CPU
		{80CCCBC5-ACA0-4611-8E8D-39EB79CFD9C7}.Release|Any CPU.Build.0 = Release|Any CPU
		{D67744BE-A480-495F-985A-EAEED8235BA3}.Debug|Any CPU.ActiveCfg = Debug|Any CPU
		{D67744BE-A480-495F-985A-EAEED8235BA3}.Debug|Any CPU.Build.0 = Debug|Any CPU
		{D67744BE-A480-495F-985A-EAEED8235BA3}.Release|Any CPU.ActiveCfg = Release|Any CPU
		{D67744BE-A480-495F-985A-EAEED8235BA3}.Release|Any CPU.Build.0 = Release|Any CPU
	EndGlobalSection
EndGlobal
